// !$*UTF8*$!
{
	archiveVersion = 1;
	classes = {
	};
	objectVersion = 50;
	objects = {

/* Begin PBXBuildFile section */
		534F5E87222E84E900A7BB0F /* AppDelegate.m in Sources */ = {isa = PBXBuildFile; fileRef = 534F5E86222E84E900A7BB0F /* AppDelegate.m */; };
		534F5E8A222E84EA00A7BB0F /* ViewController.m in Sources */ = {isa = PBXBuildFile; fileRef = 534F5E89222E84EA00A7BB0F /* ViewController.m */; };
		534F5E8D222E84EA00A7BB0F /* Main.storyboard in Resources */ = {isa = PBXBuildFile; fileRef = 534F5E8B222E84EA00A7BB0F /* Main.storyboard */; };
		534F5E8F222E84EC00A7BB0F /* Assets.xcassets in Resources */ = {isa = PBXBuildFile; fileRef = 534F5E8E222E84EC00A7BB0F /* Assets.xcassets */; };
		534F5E92222E84EC00A7BB0F /* LaunchScreen.storyboard in Resources */ = {isa = PBXBuildFile; fileRef = 534F5E90222E84EC00A7BB0F /* LaunchScreen.storyboard */; };
		534F5E95222E84EC00A7BB0F /* main.m in Sources */ = {isa = PBXBuildFile; fileRef = 534F5E94222E84EC00A7BB0F /* main.m */; };
		534F5EA3222E86FB00A7BB0F /* SDKDemoBundle.bundle in Resources */ = {isa = PBXBuildFile; fileRef = 534F5EA1222E86FB00A7BB0F /* SDKDemoBundle.bundle */; };
		536CCF31222FE3F100850749 /* SDKStaticFrameworkDemo.framework in Frameworks */ = {isa = PBXBuildFile; fileRef = 536CCF30222FE3F100850749 /* SDKStaticFrameworkDemo.framework */; };
/* End PBXBuildFile section */

/* Begin PBXFileReference section */
		534F5E82222E84E900A7BB0F /* SDKStaticFrameworkTest.app */ = {isa = PBXFileReference; explicitFileType = wrapper.application; includeInIndex = 0; path = SDKStaticFrameworkTest.app; sourceTree = BUILT_PRODUCTS_DIR; };
		534F5E85222E84E900A7BB0F /* AppDelegate.h */ = {isa = PBXFileReference; lastKnownFileType = sourcecode.c.h; path = AppDelegate.h; sourceTree = "<group>"; };
		534F5E86222E84E900A7BB0F /* AppDelegate.m */ = {isa = PBXFileReference; lastKnownFileType = sourcecode.c.objc; path = AppDelegate.m; sourceTree = "<group>"; };
		534F5E88222E84E900A7BB0F /* ViewController.h */ = {isa = PBXFileReference; lastKnownFileType = sourcecode.c.h; path = ViewController.h; sourceTree = "<group>"; };
		534F5E89222E84EA00A7BB0F /* ViewController.m */ = {isa = PBXFileReference; lastKnownFileType = sourcecode.c.objc; path = ViewController.m; sourceTree = "<group>"; };
		534F5E8C222E84EA00A7BB0F /* Base */ = {isa = PBXFileReference; lastKnownFileType = file.storyboard; name = Base; path = Base.lproj/Main.storyboard; sourceTree = "<group>"; };
		534F5E8E222E84EC00A7BB0F /* Assets.xcassets */ = {isa = PBXFileReference; lastKnownFileType = folder.assetcatalog; path = Assets.xcassets; sourceTree = "<group>"; };
		534F5E91222E84EC00A7BB0F /* Base */ = {isa = PBXFileReference; lastKnownFileType = file.storyboard; name = Base; path = Base.lproj/LaunchScreen.storyboard; sourceTree = "<group>"; };
		534F5E93222E84EC00A7BB0F /* Info.plist */ = {isa = PBXFileReference; lastKnownFileType = text.plist.xml; path = Info.plist; sourceTree = "<group>"; };
		534F5E94222E84EC00A7BB0F /* main.m */ = {isa = PBXFileReference; lastKnownFileType = sourcecode.c.objc; path = main.m; sourceTree = "<group>"; };
		534F5EA1222E86FB00A7BB0F /* SDKDemoBundle.bundle */ = {isa = PBXFileReference; lastKnownFileType = "wrapper.plug-in"; path = SDKDemoBundle.bundle; sourceTree = "<group>"; };
		536CCF30222FE3F100850749 /* SDKStaticFrameworkDemo.framework */ = {isa = PBXFileReference; lastKnownFileType = wrapper.framework; path = SDKStaticFrameworkDemo.framework; sourceTree = "<group>"; };
/* End PBXFileReference section */

/* Begin PBXFrameworksBuildPhase section */
		534F5E7F222E84E900A7BB0F /* Frameworks */ = {
			isa = PBXFrameworksBuildPhase;
			buildActionMask = 2147483647;
			files = (
				536CCF31222FE3F100850749 /* SDKStaticFrameworkDemo.framework in Frameworks */,
			);
			runOnlyForDeploymentPostprocessing = 0;
		};
/* End PBXFrameworksBuildPhase section */

/* Begin PBXGroup section */
		534F5E79222E84E900A7BB0F = {
			isa = PBXGroup;
			children = (
				536CCF30222FE3F100850749 /* SDKStaticFrameworkDemo.framework */,
				534F5EA1222E86FB00A7BB0F /* SDKDemoBundle.bundle */,
				534F5E84222E84E900A7BB0F /* SDKStaticFrameworkTest */,
				534F5E83222E84E900A7BB0F /* Products */,
			);
			sourceTree = "<group>";
		};
		534F5E83222E84E900A7BB0F /* Products */ = {
			isa = PBXGroup;
			children = (
				534F5E82222E84E900A7BB0F /* SDKStaticFrameworkTest.app */,
			);
			name = Products;
			sourceTree = "<group>";
		};
		534F5E84222E84E900A7BB0F /* SDKStaticFrameworkTest */ = {
			isa = PBXGroup;
			children = (
				534F5E85222E84E900A7BB0F /* AppDelegate.h */,
				534F5E86222E84E900A7BB0F /* AppDelegate.m */,
				534F5E88222E84E900A7BB0F /* ViewController.h */,
				534F5E89222E84EA00A7BB0F /* ViewController.m */,
				534F5E8B222E84EA00A7BB0F /* Main.storyboard */,
				534F5E8E222E84EC00A7BB0F /* Assets.xcassets */,
				534F5E90222E84EC00A7BB0F /* LaunchScreen.storyboard */,
				534F5E93222E84EC00A7BB0F /* Info.plist */,
				534F5E94222E84EC00A7BB0F /* main.m */,
			);
			path = SDKStaticFrameworkTest;
			sourceTree = "<group>";
		};
/* End PBXGroup section */

/* Begin PBXNativeTarget section */
		534F5E81222E84E900A7BB0F /* SDKStaticFrameworkTest */ = {
			isa = PBXNativeTarget;
			buildConfigurationList = 534F5E98222E84EC00A7BB0F /* Build configuration list for PBXNativeTarget "SDKStaticFrameworkTest" */;
			buildPhases = (
				534F5E7E222E84E900A7BB0F /* Sources */,
				534F5E7F222E84E900A7BB0F /* Frameworks */,
				534F5E80222E84E900A7BB0F /* Resources */,
			);
			buildRules = (
			);
			dependencies = (
			);
			name = SDKStaticFrameworkTest;
			productName = SDKStaticFrameworkTest;
			productReference = 534F5E82222E84E900A7BB0F /* SDKStaticFrameworkTest.app */;
			productType = "com.apple.product-type.application";
		};
/* End PBXNativeTarget section */

/* Begin PBXProject section */
		534F5E7A222E84E900A7BB0F /* Project object */ = {
			isa = PBXProject;
			attributes = {
				LastUpgradeCheck = 1010;
				ORGANIZATIONNAME = "郏国上";
				TargetAttributes = {
					534F5E81222E84E900A7BB0F = {
						CreatedOnToolsVersion = 10.1;
					};
				};
			};
			buildConfigurationList = 534F5E7D222E84E900A7BB0F /* Build configuration list for PBXProject "SDKStaticFrameworkTest" */;
			compatibilityVersion = "Xcode 9.3";
			developmentRegion = en;
			hasScannedForEncodings = 0;
			knownRegions = (
				en,
				Base,
			);
			mainGroup = 534F5E79222E84E900A7BB0F;
			productRefGroup = 534F5E83222E84E900A7BB0F /* Products */;
			projectDirPath = "";
			projectRoot = "";
			targets = (
				534F5E81222E84E900A7BB0F /* SDKStaticFrameworkTest */,
			);
		};
/* End PBXProject section */

/* Begin PBXResourcesBuildPhase section */
		534F5E80222E84E900A7BB0F /* Resources */ = {
			isa = PBXResourcesBuildPhase;
			buildActionMask = 2147483647;
			files = (
				534F5E92222E84EC00A7BB0F /* LaunchScreen.storyboard in Resources */,
				534F5EA3222E86FB00A7BB0F /* SDKDemoBundle.bundle in Resources */,
				534F5E8F222E84EC00A7BB0F /* Assets.xcassets in Resources */,
				534F5E8D222E84EA00A7BB0F /* Main.storyboard in Resources */,
			);
			runOnlyForDeploymentPostprocessing = 0;
		};
/* End PBXResourcesBuildPhase section */

/* Begin PBXSourcesBuildPhase section */
		534F5E7E222E84E900A7BB0F /* Sources */ = {
			isa = PBXSourcesBuildPhase;
			buildActionMask = 2147483647;
			files = (
				534F5E8A222E84EA00A7BB0F /* ViewController.m in Sources */,
				534F5E95222E84EC00A7BB0F /* main.m in Sources */,
				534F5E87222E84E900A7BB0F /* AppDelegate.m in Sources */,
			);
			runOnlyForDeploymentPostprocessing = 0;
		};
/* End PBXSourcesBuildPhase section */

/* Begin PBXVariantGroup section */
		534F5E8B222E84EA00A7BB0F /* Main.storyboard */ = {
			isa = PBXVariantGroup;
			children = (
				534F5E8C222E84EA00A7BB0F /* Base */,
			);
			name = Main.storyboard;
			sourceTree = "<group>";
		};
		534F5E90222E84EC00A7BB0F /* LaunchScreen.storyboard */ = {
			isa = PBXVariantGroup;
			children = (
				534F5E91222E84EC00A7BB0F /* Base */,
			);
			name = LaunchScreen.storyboard;
			sourceTree = "<group>";
		};
/* End PBXVariantGroup section */

/* Begin XCBuildConfiguration section */
		534F5E96222E84EC00A7BB0F /* Debug */ = {
			isa = XCBuildConfiguration;
			buildSettings = {
				ALWAYS_SEARCH_USER_PATHS = NO;
				CLANG_ANALYZER_NONNULL = YES;
				CLANG_ANALYZER_NUMBER_OBJECT_CONVERSION = YES_AGGRESSIVE;
				CLANG_CXX_LANGUAGE_STANDARD = "gnu++14";
				CLANG_CXX_LIBRARY = "libc++";
				CLANG_ENABLE_MODULES = YES;
				CLANG_ENABLE_OBJC_ARC = YES;
				CLANG_ENABLE_OBJC_WEAK = YES;
				CLANG_WARN_BLOCK_CAPTURE_AUTORELEASING = YES;
				CLANG_WARN_BOOL_CONVERSION = YES;
				CLANG_WARN_COMMA = YES;
				CLANG_WARN_CONSTANT_CONVERSION = YES;
				CLANG_WARN_DEPRECATED_OBJC_IMPLEMENTATIONS = YES;
				CLANG_WARN_DIRECT_OBJC_ISA_USAGE = YES_ERROR;
				CLANG_WARN_DOCUMENTATION_COMMENTS = YES;
				CLANG_WARN_EMPTY_BODY = YES;
				CLANG_WARN_ENUM_CONVERSION = YES;
				CLANG_WARN_INFINITE_RECURSION = YES;
				CLANG_WARN_INT_CONVERSION = YES;
				CLANG_WARN_NON_LITERAL_NULL_CONVERSION = YES;
				CLANG_WARN_OBJC_IMPLICIT_RETAIN_SELF = YES;
				CLANG_WARN_OBJC_LITERAL_CONVERSION = YES;
				CLANG_WARN_OBJC_ROOT_CLASS = YES_ERROR;
				CLANG_WARN_RANGE_LOOP_ANALYSIS = YES;
				CLANG_WARN_STRICT_PROTOTYPES = YES;
				CLANG_WARN_SUSPICIOUS_MOVE = YES;
				CLANG_WARN_UNGUARDED_AVAILABILITY = YES_AGGRESSIVE;
				CLANG_WARN_UNREACHABLE_CODE = YES;
				CLANG_WARN__DUPLICATE_METHOD_MATCH = YES;
				CODE_SIGN_IDENTITY = "iPhone Developer";
				COPY_PHASE_STRIP = NO;
				DEBUG_INFORMATION_FORMAT = dwarf;
				ENABLE_STRICT_OBJC_MSGSEND = YES;
				ENABLE_TESTABILITY = YES;
				GCC_C_LANGUAGE_STANDARD = gnu11;
				GCC_DYNAMIC_NO_PIC = NO;
				GCC_NO_COMMON_BLOCKS = YES;
				GCC_OPTIMIZATION_LEVEL = 0;
				GCC_PREPROCESSOR_DEFINITIONS = (
					"DEBUG=1",
					"$(inherited)",
				);
				GCC_WARN_64_TO_32_BIT_CONVERSION = YES;
				GCC_WARN_ABOUT_RETURN_TYPE = YES_ERROR;
				GCC_WARN_UNDECLARED_SELECTOR = YES;
				GCC_WARN_UNINITIALIZED_AUTOS = YES_AGGRESSIVE;
				GCC_WARN_UNUSED_FUNCTION = YES;
				GCC_WARN_UNUSED_VARIABLE = YES;
				IPHONEOS_DEPLOYMENT_TARGET = 8.0;
				MTL_ENABLE_DEBUG_INFO = INCLUDE_SOURCE;
				MTL_FAST_MATH = YES;
				ONLY_ACTIVE_ARCH = YES;
				SDKROOT = iphoneos;
			};
			name = Debug;
		};
		534F5E97222E84EC00A7BB0F /* Release */ = {
			isa = XCBuildConfiguration;
			buildSettings = {
				ALWAYS_SEARCH_USER_PATHS = NO;
				CLANG_ANALYZER_NONNULL = YES;
				CLANG_ANALYZER_NUMBER_OBJECT_CONVERSION = YES_AGGRESSIVE;
				CLANG_CXX_LANGUAGE_STANDARD = "gnu++14";
				CLANG_CXX_LIBRARY = "libc++";
				CLANG_ENABLE_MODULES = YES;
				CLANG_ENABLE_OBJC_ARC = YES;
				CLANG_ENABLE_OBJC_WEAK = YES;
				CLANG_WARN_BLOCK_CAPTURE_AUTORELEASING = YES;
				CLANG_WARN_BOOL_CONVERSION = YES;
				CLANG_WARN_COMMA = YES;
				CLANG_WARN_CONSTANT_CONVERSION = YES;
				CLANG_WARN_DEPRECATED_OBJC_IMPLEMENTATIONS = YES;
				CLANG_WARN_DIRECT_OBJC_ISA_USAGE = YES_ERROR;
				CLANG_WARN_DOCUMENTATION_COMMENTS = YES;
				CLANG_WARN_EMPTY_BODY = YES;
				CLANG_WARN_ENUM_CONVERSION = YES;
				CLANG_WARN_INFINITE_RECURSION = YES;
				CLANG_WARN_INT_CONVERSION = YES;
				CLANG_WARN_NON_LITERAL_NULL_CONVERSION = YES;
				CLANG_WARN_OBJC_IMPLICIT_RETAIN_SELF = YES;
				CLANG_WARN_OBJC_LITERAL_CONVERSION = YES;
				CLANG_WARN_OBJC_ROOT_CLASS = YES_ERROR;
				CLANG_WARN_RANGE_LOOP_ANALYSIS = YES;
				CLANG_WARN_STRICT_PROTOTYPES = YES;
				CLANG_WARN_SUSPICIOUS_MOVE = YES;
				CLANG_WARN_UNGUARDED_AVAILABILITY = YES_AGGRESSIVE;
				CLANG_WARN_UNREACHABLE_CODE = YES;
				CLANG_WARN__DUPLICATE_METHOD_MATCH = YES;
				CODE_SIGN_IDENTITY = "iPhone Developer";
				COPY_PHASE_STRIP = NO;
				DEBUG_INFORMATION_FORMAT = "dwarf-with-dsym";
				ENABLE_NS_ASSERTIONS = NO;
				ENABLE_STRICT_OBJC_MSGSEND = YES;
				GCC_C_LANGUAGE_STANDARD = gnu11;
				GCC_NO_COMMON_BLOCKS = YES;
				GCC_WARN_64_TO_32_BIT_CONVERSION = YES;
				GCC_WARN_ABOUT_RETURN_TYPE = YES_ERROR;
				GCC_WARN_UNDECLARED_SELECTOR = YES;
				GCC_WARN_UNINITIALIZED_AUTOS = YES_AGGRESSIVE;
				GCC_WARN_UNUSED_FUNCTION = YES;
				GCC_WARN_UNUSED_VARIABLE = YES;
				IPHONEOS_DEPLOYMENT_TARGET = 8.0;
				MTL_ENABLE_DEBUG_INFO = NO;
				MTL_FAST_MATH = YES;
				SDKROOT = iphoneos;
				VALIDATE_PRODUCT = YES;
			};
			name = Release;
		};
		534F5E99222E84EC00A7BB0F /* Debug */ = {
			isa = XCBuildConfiguration;
			buildSettings = {
				ASSETCATALOG_COMPILER_APPICON_NAME = AppIcon;
				CODE_SIGN_STYLE = Automatic;
				DEVELOPMENT_TEAM = 4598R7ZUAC;
				FRAMEWORK_SEARCH_PATHS = (
					"$(inherited)",
					"$(PROJECT_DIR)",
				);
				INFOPLIST_FILE = SDKStaticFrameworkTest/Info.plist;
				LD_RUNPATH_SEARCH_PATHS = (
					"$(inherited)",
					"@executable_path/Frameworks",
				);
				PRODUCT_BUNDLE_IDENTIFIER = BitInfo.SDKStaticFrameworkTest;
				PRODUCT_NAME = "$(TARGET_NAME)";
				TARGETED_DEVICE_FAMILY = 1;
			};
			name = Debug;
		};
		534F5E9A222E84EC00A7BB0F /* Release */ = {
			isa = XCBuildConfiguration;
			buildSettings = {
				ASSETCATALOG_COMPILER_APPICON_NAME = AppIcon;
				CODE_SIGN_STYLE = Automatic;
				DEVELOPMENT_TEAM = 4598R7ZUAC;
				FRAMEWORK_SEARCH_PATHS = (
					"$(inherited)",
					"$(PROJECT_DIR)",
				);
				INFOPLIST_FILE = SDKStaticFrameworkTest/Info.plist;
				LD_RUNPATH_SEARCH_PATHS = (
					"$(inherited)",
					"@executable_path/Frameworks",
				);
				PRODUCT_BUNDLE_IDENTIFIER = BitInfo.SDKStaticFrameworkTest;
				PRODUCT_NAME = "$(TARGET_NAME)";
				TARGETED_DEVICE_FAMILY = 1;
			};
			name = Release;
		};
/* End XCBuildConfiguration section */

/* Begin XCConfigurationList section */
		534F5E7D222E84E900A7BB0F /* Build configuration list for PBXProject "SDKStaticFrameworkTest" */ = {
			isa = XCConfigurationList;
			buildConfigurations = (
				534F5E96222E84EC00A7BB0F /* Debug */,
				534F5E97222E84EC00A7BB0F /* Release */,
			);
			defaultConfigurationIsVisible = 0;
			defaultConfigurationName = Release;
		};
		534F5E98222E84EC00A7BB0F /* Build configuration list for PBXNativeTarget "SDKStaticFrameworkTest" */ = {
			isa = XCConfigurationList;
			buildConfigurations = (
				534F5E99222E84EC00A7BB0F /* Debug */,
				534F5E9A222E84EC00A7BB0F /* Release */,
			);
			defaultConfigurationIsVisible = 0;
			defaultConfigurationName = Release;
		};
/* End XCConfigurationList section */
	};
	rootObject = 534F5E7A222E84E900A7BB0F /* Project object */;
}
